
Microsoft Visual Studio Solution File, Format Version 12.00
# Visual Studio Version 17
VisualStudioVersion = 17.11.35219.272
MinimumVisualStudioVersion = 10.0.40219.1
Project("{FAE04EC0-301F-11D3-BF4B-00C04F79EFBC}") = "SpeakingInBitsWeb", "SpeakingInBitsWeb\SpeakingInBitsWeb.csproj", "{539A12EC-F648-46AA-87A7-F5BAB7C74D43}"
EndProject
Global
	GlobalSection(SolutionConfigurationPlatforms) = preSolution
		Debug|Any CPU = Debug|Any CPU
		Release|Any CPU = Release|Any CPU
	EndGlobalSection
	GlobalSection(ProjectConfigurationPlatforms) = postSolution
		{539A12EC-F648-46AA-87A7-F5BAB7C74D43}.Debug|Any CPU.ActiveCfg = Debug|Any CPU
		{539A12EC-F648-46AA-87A7-F5BAB7C74D43}.Debug|Any CPU.Build.0 = Debug|Any CPU
		{539A12EC-F648-46AA-87A7-F5BAB7C74D43}.Release|Any CPU.ActiveCfg = Release|Any CPU
		{539A12EC-F648-46AA-87A7-F5BAB7C74D43}.Release|Any CPU.Build.0 = Release|Any CPU
	EndGlobalSection
	GlobalSection(SolutionProperties) = preSolution
		HideSolutionNode = FALSE
	EndGlobalSection
	GlobalSection(ExtensibilityGlobals) = postSolution
		SolutionGuid = {A5EEC9A6-C399-48BA-B0FB-3CD16AC6ED64}
	EndGlobalSection
EndGlobal
